
Microsoft Visual Studio Solution File, Format Version 12.00
# Visual Studio Version 17
VisualStudioVersion = 17.0.31903.59
MinimumVisualStudioVersion = 10.0.40219.1
Project("{2150E333-8FDC-42A3-9474-1A3956D46DE8}") = "Services", "Services", "{339F61D5-36A8-4608-9AC7-0688C28FCBF0}"
EndProject
Project("{9A19103F-16F7-4668-BE54-9A1E7A4F7556}") = "Catalog.Api", "Services\Catalog.Api\Catalog.Api.csproj", "{810CC580-9468-4E86-BB4C-6F049F8F2225}"
	ProjectSection(ProjectDependencies) = postProject
		{86371F60-B5AF-4E1D-A6F2-B896A29BA484} = {86371F60-B5AF-4E1D-A6F2-B896A29BA484}
		{8A83F5C9-735B-4E68-881C-9125270912DC} = {8A83F5C9-735B-4E68-881C-9125270912DC}
	EndProjectSection
EndProject
Project("{2150E333-8FDC-42A3-9474-1A3956D46DE8}") = "Crosscutting", "Crosscutting", "{954AD55D-4EE3-4B63-8F93-58583EFEC234}"
EndProject
Project("{9A19103F-16F7-4668-BE54-9A1E7A4F7556}") = "Crosscutting.CQRS", "Crosscutting\Crosscutting.CQRS\Crosscutting.CQRS.csproj", "{8A83F5C9-735B-4E68-881C-9125270912DC}"
EndProject
Project("{E53339B2-1760-4266-BCC7-CA923CBCF16C}") = "docker-compose", "docker-compose.dcproj", "{7F4DD498-693F-4F89-852E-9E97195C4DD1}"
EndProject
Project("{9A19103F-16F7-4668-BE54-9A1E7A4F7556}") = "Crosscuting.Base", "Crosscutting\Crosscuting.Base\Crosscuting.Base.csproj", "{86371F60-B5AF-4E1D-A6F2-B896A29BA484}"
EndProject
Project("{2150E333-8FDC-42A3-9474-1A3956D46DE8}") = "Tests", "Tests", "{528B8784-AFA3-4D47-8EC8-C78BB906EC4D}"
EndProject
Project("{2150E333-8FDC-42A3-9474-1A3956D46DE8}") = "UnitTesting", "UnitTesting", "{1F9ABD65-5763-4DD1-89CF-1748E592352D}"
EndProject
Project("{9A19103F-16F7-4668-BE54-9A1E7A4F7556}") = "UnitTest.Catalog", "Tests\UnitTesting\UnitTest.Catalog\UnitTest.Catalog.csproj", "{FE5CD653-7033-4BF7-9F4F-5569E61A7A06}"
	ProjectSection(ProjectDependencies) = postProject
		{810CC580-9468-4E86-BB4C-6F049F8F2225} = {810CC580-9468-4E86-BB4C-6F049F8F2225}
	EndProjectSection
EndProject
Project("{2150E333-8FDC-42A3-9474-1A3956D46DE8}") = "IntegrationTesting", "IntegrationTesting", "{E4029AAB-D645-4D88-9F92-5731DAC00087}"
EndProject
Project("{9A19103F-16F7-4668-BE54-9A1E7A4F7556}") = "IntegrationTest.Catalog", "Tests\IntegrationTesting\IntegrationTest.Catalog\IntegrationTest.Catalog.csproj", "{556DCE4E-EE86-4B76-8722-B51A10828D66}"
	ProjectSection(ProjectDependencies) = postProject
		{810CC580-9468-4E86-BB4C-6F049F8F2225} = {810CC580-9468-4E86-BB4C-6F049F8F2225}
		{FE5CD653-7033-4BF7-9F4F-5569E61A7A06} = {FE5CD653-7033-4BF7-9F4F-5569E61A7A06}
	EndProjectSection
EndProject
Project("{2150E333-8FDC-42A3-9474-1A3956D46DE8}") = "ShowUnitTesting", "ShowUnitTesting", "{8F42309A-E72E-4920-B27D-A3C42DC6B490}"
EndProject
Project("{9A19103F-16F7-4668-BE54-9A1E7A4F7556}") = "ShowUnitTesting.Catalog", "Tests\ShowUnitTesting\ShowUnitTesting.Catalog\ShowUnitTesting.Catalog.csproj", "{0DF6C030-042A-40CA-A95E-7F0597BF2BDE}"
EndProject
Project("{2150E333-8FDC-42A3-9474-1A3956D46DE8}") = "ShowIntegrationTesting", "ShowIntegrationTesting", "{6DC9E292-1509-4DD9-8423-88326C3EAF2B}"
EndProject
Project("{9A19103F-16F7-4668-BE54-9A1E7A4F7556}") = "ShowIntegrationTesting.Catalog", "Tests\ShowIntegrationTesting\ShowIntegrationTesting.Catalog\ShowIntegrationTesting.Catalog.csproj", "{7DF9920F-A0DF-45F1-80E9-DB8E69AE8AF0}"
	ProjectSection(ProjectDependencies) = postProject
		{810CC580-9468-4E86-BB4C-6F049F8F2225} = {810CC580-9468-4E86-BB4C-6F049F8F2225}
	EndProjectSection
EndProject
Project("{FAE04EC0-301F-11D3-BF4B-00C04F79EFBC}") = "Auth.Service", "Services\Auth.Service\Auth.Service.csproj", "{4B84C13C-F412-4527-9454-12DFE910633D}"
EndProject
Global
	GlobalSection(SolutionConfigurationPlatforms) = preSolution
		Debug|Any CPU = Debug|Any CPU
		Release|Any CPU = Release|Any CPU
	EndGlobalSection
	GlobalSection(ProjectConfigurationPlatforms) = postSolution
		{810CC580-9468-4E86-BB4C-6F049F8F2225}.Debug|Any CPU.ActiveCfg = Debug|Any CPU
		{810CC580-9468-4E86-BB4C-6F049F8F2225}.Debug|Any CPU.Build.0 = Debug|Any CPU
		{810CC580-9468-4E86-BB4C-6F049F8F2225}.Release|Any CPU.ActiveCfg = Release|Any CPU
		{810CC580-9468-4E86-BB4C-6F049F8F2225}.Release|Any CPU.Build.0 = Release|Any CPU
		{8A83F5C9-735B-4E68-881C-9125270912DC}.Debug|Any CPU.ActiveCfg = Debug|Any CPU
		{8A83F5C9-735B-4E68-881C-9125270912DC}.Debug|Any CPU.Build.0 = Debug|Any CPU
		{8A83F5C9-735B-4E68-881C-9125270912DC}.Release|Any CPU.ActiveCfg = Release|Any CPU
		{8A83F5C9-735B-4E68-881C-9125270912DC}.Release|Any CPU.Build.0 = Release|Any CPU
		{7F4DD498-693F-4F89-852E-9E97195C4DD1}.Debug|Any CPU.ActiveCfg = Debug|Any CPU
		{7F4DD498-693F-4F89-852E-9E97195C4DD1}.Debug|Any CPU.Build.0 = Debug|Any CPU
		{7F4DD498-693F-4F89-852E-9E97195C4DD1}.Release|Any CPU.ActiveCfg = Release|Any CPU
		{7F4DD498-693F-4F89-852E-9E97195C4DD1}.Release|Any CPU.Build.0 = Release|Any CPU
		{86371F60-B5AF-4E1D-A6F2-B896A29BA484}.Debug|Any CPU.ActiveCfg = Debug|Any CPU
		{86371F60-B5AF-4E1D-A6F2-B896A29BA484}.Debug|Any CPU.Build.0 = Debug|Any CPU
		{86371F60-B5AF-4E1D-A6F2-B896A29BA484}.Release|Any CPU.ActiveCfg = Release|Any CPU
		{86371F60-B5AF-4E1D-A6F2-B896A29BA484}.Release|Any CPU.Build.0 = Release|Any CPU
		{FE5CD653-7033-4BF7-9F4F-5569E61A7A06}.Debug|Any CPU.ActiveCfg = Debug|Any CPU
		{FE5CD653-7033-4BF7-9F4F-5569E61A7A06}.Debug|Any CPU.Build.0 = Debug|Any CPU
		{FE5CD653-7033-4BF7-9F4F-5569E61A7A06}.Release|Any CPU.ActiveCfg = Release|Any CPU
		{FE5CD653-7033-4BF7-9F4F-5569E61A7A06}.Release|Any CPU.Build.0 = Release|Any CPU
		{556DCE4E-EE86-4B76-8722-B51A10828D66}.Debug|Any CPU.ActiveCfg = Debug|Any CPU
		{556DCE4E-EE86-4B76-8722-B51A10828D66}.Debug|Any CPU.Build.0 = Debug|Any CPU
		{556DCE4E-EE86-4B76-8722-B51A10828D66}.Release|Any CPU.ActiveCfg = Release|Any CPU
		{556DCE4E-EE86-4B76-8722-B51A10828D66}.Release|Any CPU.Build.0 = Release|Any CPU
		{0DF6C030-042A-40CA-A95E-7F0597BF2BDE}.Debug|Any CPU.ActiveCfg = Debug|Any CPU
		{0DF6C030-042A-40CA-A95E-7F0597BF2BDE}.Debug|Any CPU.Build.0 = Debug|Any CPU
		{0DF6C030-042A-40CA-A95E-7F0597BF2BDE}.Release|Any CPU.ActiveCfg = Release|Any CPU
		{0DF6C030-042A-40CA-A95E-7F0597BF2BDE}.Release|Any CPU.Build.0 = Release|Any CPU
		{7DF9920F-A0DF-45F1-80E9-DB8E69AE8AF0}.Debug|Any CPU.ActiveCfg = Debug|Any CPU
		{7DF9920F-A0DF-45F1-80E9-DB8E69AE8AF0}.Debug|Any CPU.Build.0 = Debug|Any CPU
		{7DF9920F-A0DF-45F1-80E9-DB8E69AE8AF0}.Release|Any CPU.ActiveCfg = Release|Any CPU
		{7DF9920F-A0DF-45F1-80E9-DB8E69AE8AF0}.Release|Any CPU.Build.0 = Release|Any CPU
		{4B84C13C-F412-4527-9454-12DFE910633D}.Debug|Any CPU.ActiveCfg = Debug|Any CPU
		{4B84C13C-F412-4527-9454-12DFE910633D}.Debug|Any CPU.Build.0 = Debug|Any CPU
		{4B84C13C-F412-4527-9454-12DFE910633D}.Release|Any CPU.ActiveCfg = Release|Any CPU
		{4B84C13C-F412-4527-9454-12DFE910633D}.Release|Any CPU.Build.0 = Release|Any CPU
	EndGlobalSection
	GlobalSection(SolutionProperties) = preSolution
		HideSolutionNode = FALSE
	EndGlobalSection
	GlobalSection(NestedProjects) = preSolution
		{810CC580-9468-4E86-BB4C-6F049F8F2225} = {339F61D5-36A8-4608-9AC7-0688C28FCBF0}
		{8A83F5C9-735B-4E68-881C-9125270912DC} = {954AD55D-4EE3-4B63-8F93-58583EFEC234}
		{86371F60-B5AF-4E1D-A6F2-B896A29BA484} = {954AD55D-4EE3-4B63-8F93-58583EFEC234}
		{1F9ABD65-5763-4DD1-89CF-1748E592352D} = {528B8784-AFA3-4D47-8EC8-C78BB906EC4D}
		{FE5CD653-7033-4BF7-9F4F-5569E61A7A06} = {1F9ABD65-5763-4DD1-89CF-1748E592352D}
		{E4029AAB-D645-4D88-9F92-5731DAC00087} = {528B8784-AFA3-4D47-8EC8-C78BB906EC4D}
		{556DCE4E-EE86-4B76-8722-B51A10828D66} = {E4029AAB-D645-4D88-9F92-5731DAC00087}
		{8F42309A-E72E-4920-B27D-A3C42DC6B490} = {528B8784-AFA3-4D47-8EC8-C78BB906EC4D}
		{0DF6C030-042A-40CA-A95E-7F0597BF2BDE} = {8F42309A-E72E-4920-B27D-A3C42DC6B490}
		{6DC9E292-1509-4DD9-8423-88326C3EAF2B} = {528B8784-AFA3-4D47-8EC8-C78BB906EC4D}
		{7DF9920F-A0DF-45F1-80E9-DB8E69AE8AF0} = {6DC9E292-1509-4DD9-8423-88326C3EAF2B}
		{4B84C13C-F412-4527-9454-12DFE910633D} = {339F61D5-36A8-4608-9AC7-0688C28FCBF0}
	EndGlobalSection
	GlobalSection(ExtensibilityGlobals) = postSolution
		SolutionGuid = {E4455958-0CD4-4F1B-977E-5D240A32E63A}
	EndGlobalSection
EndGlobal
